PODS:
  - Capacitor (6.2.1):
    - CapacitorCordova
  - CapacitorCordova (6.2.1)

DEPENDENCIES:
  - "Capacitor (from `../../../../node_modules/.pnpm/@capacitor+ios@6.2.1_@capacitor+core@6.2.1/node_modules/@capacitor/ios`)"
  - "CapacitorCordova (from `../../../../node_modules/.pnpm/@capacitor+ios@6.2.1_@capacitor+core@6.2.1/node_modules/@capacitor/ios`)"

EXTERNAL SOURCES:
  Capacitor:
    :path: "../../../../node_modules/.pnpm/@capacitor+ios@6.2.1_@capacitor+core@6.2.1/node_modules/@capacitor/ios"
  CapacitorCordova:
    :path: "../../../../node_modules/.pnpm/@capacitor+ios@6.2.1_@capacitor+core@6.2.1/node_modules/@capacitor/ios"

SPEC CHECKSUMS:
  Capacitor: 1e0d0e7330dea9f983b50da737d8918abcf273f8
  CapacitorCordova: 8d93e14982f440181be7304aa9559ca631d77fff

PODFILE CHECKSUM: bb06941afc970c89e83fab2cb142d3325f204b5a

COCOAPODS: 1.16.2
